
Microsoft Visual Studio Solution File, Format Version 12.00
# Visual Studio 15
VisualStudioVersion = 15.0.27703.2035
MinimumVisualStudioVersion = 10.0.40219.1
Project("{2150E333-8FDC-42A3-9474-1A3956D46DE8}") = ".paket", ".paket", "{ABD6E742-5910-4EF1-8275-C36ECBF70CD6}"
	ProjectSection(SolutionItems) = preProject
		paket.dependencies = paket.dependencies
	EndProjectSection
EndProject
Project("{FAE04EC0-301F-11D3-BF4B-00C04F79EFBC}") = "NginxService", "NginxService\NginxService.csproj", "{2B89BDA6-A3DA-4918-96E7-FDE7B097A72E}"
EndProject
Project("{2150E333-8FDC-42A3-9474-1A3956D46DE8}") = "Solution Items", "Solution Items", "{69D21D45-FC13-47F8-99A6-16F99049E83F}"
	ProjectSection(SolutionItems) = preProject
		LICENSE.txt = LICENSE.txt
		README.md = README.md
	EndProjectSection
EndProject
Global
	GlobalSection(SolutionConfigurationPlatforms) = preSolution
		Debug|Any CPU = Debug|Any CPU
		Release|Any CPU = Release|Any CPU
	EndGlobalSection
	GlobalSection(ProjectConfigurationPlatforms) = postSolution
		{2B89BDA6-A3DA-4918-96E7-FDE7B097A72E}.Debug|Any CPU.ActiveCfg = Debug|Any CPU
		{2B89BDA6-A3DA-4918-96E7-FDE7B097A72E}.Debug|Any CPU.Build.0 = Debug|Any CPU
		{2B89BDA6-A3DA-4918-96E7-FDE7B097A72E}.Release|Any CPU.ActiveCfg = Release|Any CPU
		{2B89BDA6-A3DA-4918-96E7-FDE7B097A72E}.Release|Any CPU.Build.0 = Release|Any CPU
	EndGlobalSection
	GlobalSection(SolutionProperties) = preSolution
		HideSolutionNode = FALSE
	EndGlobalSection
	GlobalSection(ExtensibilityGlobals) = postSolution
		SolutionGuid = {5BCBC80E-E39B-4872-B4B5-764123076454}
	EndGlobalSection
EndGlobal
